<Solution>
  <Folder Name="/src/">
    <Project Path="src/EmuShelf.App/EmuShelf.App.csproj" />
    <Project Path="src/EmuShelf.Core/EmuShelf.Core.csproj" />
    <Project Path="src/EmuShelf.Infrastructure/EmuShelf.Infrastructure.csproj" />
    <Project Path="src/EmuShelf.Integrations/EmuShelf.Integrations.csproj" />
  </Folder>
  <Folder Name="/tests/">
    <Project Path="tests/EmuShelf.Infrastructure.Tests/EmuShelf.Infrastructure.Tests.csproj" />
    <Project Path="tests/EmuShelf.App.Tests/EmuShelf.App.Tests.csproj" />
  </Folder>
</Solution>
